
Microsoft Visual Studio Solution File, Format Version 12.00
# Visual Studio Version 17
VisualStudioVersion = 17.5.002.0
MinimumVisualStudioVersion = 10.0.40219.1
Project("{9A19103F-16F7-4668-BE54-9A1E7A4F7556}") = "topdown1", "topdown1.csproj", "{4ADC979A-4721-4AD3-80C0-55F378137962}"
EndProject
Global
	GlobalSection(SolutionConfigurationPlatforms) = preSolution
		Debug|Any CPU = Debug|Any CPU
		Release|Any CPU = Release|Any CPU
	EndGlobalSection
	GlobalSection(ProjectConfigurationPlatforms) = postSolution
		{4ADC979A-4721-4AD3-80C0-55F378137962}.Debug|Any CPU.ActiveCfg = Debug|Any CPU
		{4ADC979A-4721-4AD3-80C0-55F378137962}.Debug|Any CPU.Build.0 = Debug|Any CPU
		{4ADC979A-4721-4AD3-80C0-55F378137962}.Release|Any CPU.ActiveCfg = Release|Any CPU
		{4ADC979A-4721-4AD3-80C0-55F378137962}.Release|Any CPU.Build.0 = Release|Any CPU
	EndGlobalSection
	GlobalSection(SolutionProperties) = preSolution
		HideSolutionNode = FALSE
	EndGlobalSection
	GlobalSection(ExtensibilityGlobals) = postSolution
		SolutionGuid = {630F0783-A54B-4289-A4FC-6C0C70831D53}
	EndGlobalSection
EndGlobal
